# This file is autogenerated, do not edit; changes may be undone by the next 'dep ensure'.


[[projects]]
  digest = "1:fb33d88060f0064499d409bddd1ae4ef7028a1646d536fbf0d967a2bffcb4018"
  name = "github.com/Microsoft/go-winio"
  packages = ["."]
  pruneopts = "UT"
  revision = "8f9387ea7efabb228a981b9c381142be7667967f"
  version = "v0.1.0"

[[projects]]
  digest = "1:30f50828e5a6aa9257130334f34425a1bcba4e19b9f531f1da7747fbdc3235be"
  name = "github.com/ceph/go-ceph"
  packages = [
    "rados",
    "rbd",
  ]
  pruneopts = "UT"
  revision = "bd5bc6d4cb3e3d3441f2ec4e9f89899178edfc71"

[[projects]]
  digest = "1:37b31900270ee8fa466a1879fb6f5920fcb8a7e9a7130769a5bc17b844441fb6"
  name = "github.com/coreos/go-systemd"
  packages = ["activation"]
  pruneopts = "UT"
  revision = "6dc8b843c670f2027cc26b164935635840a40526"
  version = "v9"

[[projects]]
  digest = "1:5a900d94d96d41ea116d7e6c46717fdf330f35d8bdd116798e2bc0c319f66565"
  name = "github.com/docker/go-connections"
  packages = ["sockets"]
  pruneopts = "UT"
  revision = "7395e3f8aa162843a74ed6d48e79627d9792ac55"
  version = "v0.4.0"

[[projects]]
  digest = "1:874ca00e54068a78ce555979489511ec62cd4682bf068134dc4355753827895c"
  name = "github.com/gorilla/context"
  packages = ["."]
  pruneopts = "UT"
  revision = "215affda49addc4c8ef7e2534915df2c8c35c6cd"

[[projects]]
  digest = "1:a6283ced592faaeedc9f622fc7ec96bdcd3e97372457d2bc81b7307bf873ce4c"
  name = "github.com/gorilla/mux"
  packages = ["."]
  pruneopts = "UT"
  revision = "8096f47503459bcc74d1f4c487b7e6e42e5746b5"

[[projects]]
  digest = "1:870d441fe217b8e689d7949fef6e43efbc787e50f200cb1e70dbca9204a1d6be"
  name = "github.com/inconshreveable/mousetrap"
  packages = ["."]
  pruneopts = "UT"
  revision = "76626ae9c91c4f2a10f34cad8ce83ea42c93bb75"
  version = "v1.0"

[[projects]]
  digest = "1:0a69a1c0db3591fcefb47f115b224592c8dfa4368b7ba9fae509d5e16cdc95c8"
  name = "github.com/konsorten/go-windows-terminal-sequences"
  packages = ["."]
  pruneopts = "UT"
  revision = "5c8c8bd35d3832f5d134ae1e1e375b69a4d25242"
  version = "v1.0.1"

[[projects]]
  digest = "1:274f67cb6fed9588ea2521ecdac05a6d62a8c51c074c1fccc6a49a40ba80e925"
  name = "github.com/satori/go.uuid"
  packages = ["."]
  pruneopts = "UT"
  revision = "f58768cc1a7a7e77a3bd49e98cdd21419399b6a3"
  version = "v1.2.0"

[[projects]]
  digest = "1:87c2e02fb01c27060ccc5ba7c5a407cc91147726f8f40b70cceeedbc52b1f3a8"
  name = "github.com/sirupsen/logrus"
  packages = ["."]
  pruneopts = "UT"
  revision = "e1e72e9de974bd926e5c56f83753fba2df402ce5"
  version = "v1.3.0"

[[projects]]
  digest = "1:bcc9aae4fb6d8d13ad94762090d9fe03a4d082f6682949e4a19180843afcc301"
  name = "github.com/spf13/cobra"
  packages = ["."]
  pruneopts = "UT"
  revision = "1238ba19d24b0b9ceee2094e1cb31947d45c3e86"

[[projects]]
  digest = "1:ea972f0a9584308d97c107a818dbb340e4fdf261105cf9b0c51fa2987f283a05"
  name = "github.com/spf13/pflag"
  packages = ["."]
  pruneopts = "UT"
  revision = "367864438f1b1a3c7db4da06a2f55b144e6784e0"

[[projects]]
  branch = "master"
  digest = "1:38f553aff0273ad6f367cb0a0f8b6eecbaef8dc6cb8b50e57b6a81c1d5b1e332"
  name = "golang.org/x/crypto"
  packages = ["ssh/terminal"]
  pruneopts = "UT"
  revision = "ff983b9c42bc9fbf91556e191cc8efb585c16908"

[[projects]]
  digest = "1:007c759d6b90bf206d4628e4ff501c20bcc3967fb15baec2e95f6e9af9c7b14d"
  name = "golang.org/x/net"
  packages = [
    "context",
    "proxy",
  ]
  pruneopts = "UT"
  revision = "d9558e5c97f85372afee28cf2b6059d7d3818919"

[[projects]]
  branch = "master"
  digest = "1:d3e0b1b48b36298893e7667f91bce04d1b6996e5eb93b898db926cad94ce9514"
  name = "golang.org/x/sys"
  packages = [
    "unix",
    "windows",
  ]
  pruneopts = "UT"
  revision = "7e31e0c00fa05cb5fbf4347b585621d6709e19a4"

[solve-meta]
  analyzer-name = "dep"
  analyzer-version = 1
  input-imports = [
    "github.com/ceph/go-ceph/rados",
    "github.com/ceph/go-ceph/rbd",
    "github.com/coreos/go-systemd/activation",
    "github.com/docker/go-connections/sockets",
    "github.com/gorilla/mux",
    "github.com/satori/go.uuid",
    "github.com/sirupsen/logrus",
    "github.com/spf13/cobra",
    "golang.org/x/net/context",
  ]
  solver-name = "gps-cdcl"
  solver-version = 1
